version = 1
revision = 3
requires-python = ">=3.12"

[[package]]
name = "openflightcomputer-board-tester"
version = "0.0.0"
source = { editable = "." }
dependencies = [
    { name = "pyserial" },
    { name = "webcolors" },
]

[package.metadata]
requires-dist = [
    { name = "pyserial", specifier = ">=3.5,<4" },
    { name = "webcolors", specifier = ">=25.10,<26" },
]

[[package]]
name = "pyserial"
version = "3.5"
source = { registry = "https://pypi.org/simple" }
sdist = { url = "https://files.pythonhosted.org/packages/1e/7d/ae3f0a63f41e4d2f6cb66a5b57197850f919f59e558159a4dd3a818f5082/pyserial-3.5.tar.gz", hash = "sha256:3c77e014170dfffbd816e6ffc205e9842efb10be9f58ec16d3e8675b4925cddb", size = 159125, upload-time = "2020-11-23T03:59:15.045Z" }
wheels = [
    { url = "https://files.pythonhosted.org/packages/07/bc/587a445451b253b285629263eb51c2d8e9bcea4fc97826266d186f96f558/pyserial-3.5-py2.py3-none-any.whl", hash = "sha256:c4451db6ba391ca6ca299fb3ec7bae67a5c55dde170964c7a14ceefec02f2cf0", size = 90585, upload-time = "2020-11-23T03:59:13.41Z" },
]

[[package]]
name = "webcolors"
version = "25.10.0"
source = { registry = "https://pypi.org/simple" }
sdist = { url = "https://files.pythonhosted.org/packages/1d/7a/eb316761ec35664ea5174709a68bbd3389de60d4a1ebab8808bfc264ed67/webcolors-25.10.0.tar.gz", hash = "sha256:62abae86504f66d0f6364c2a8520de4a0c47b80c03fc3a5f1815fedbef7c19bf", size = 53491, upload-time = "2025-10-31T07:51:03.977Z" }
wheels = [
    { url = "https://files.pythonhosted.org/packages/e2/cc/e097523dd85c9cf5d354f78310927f1656c422bd7b2613b2db3e3f9a0f2c/webcolors-25.10.0-py3-none-any.whl", hash = "sha256:032c727334856fc0b968f63daa252a1ac93d33db2f5267756623c210e57a4f1d", size = 14905, upload-time = "2025-10-31T07:51:01.778Z" },
]
